
Microsoft Visual Studio Solution File, Format Version 12.00
# Visual Studio Version 16
VisualStudioVersion = 16.0.29905.134
MinimumVisualStudioVersion = 15.0.26124.0
Project("{9A19103F-16F7-4668-BE54-9A1E7A4F7556}") = "API", "API\API.csproj", "{DB727A4E-5ECD-4C23-8D71-A45F7B472032}"
EndProject
Project("{FAE04EC0-301F-11D3-BF4B-00C04F79EFBC}") = "Infrastructure", "Infrastructure\Infrastructure.csproj", "{2C3A6F17-75BA-425C-8294-884AE63E8D0A}"
EndProject
Project("{FAE04EC0-301F-11D3-BF4B-00C04F79EFBC}") = "Core", "Core\Core.csproj", "{EC1EF814-CADF-435C-BC06-E740FF1BFA49}"
EndProject
Global
	GlobalSection(SolutionConfigurationPlatforms) = preSolution
		Debug|Any CPU = Debug|Any CPU
		Debug|x64 = Debug|x64
		Debug|x86 = Debug|x86
		Release|Any CPU = Release|Any CPU
		Release|x64 = Release|x64
		Release|x86 = Release|x86
	EndGlobalSection
	GlobalSection(ProjectConfigurationPlatforms) = postSolution
		{DB727A4E-5ECD-4C23-8D71-A45F7B472032}.Debug|Any CPU.ActiveCfg = Debug|Any CPU
		{DB727A4E-5ECD-4C23-8D71-A45F7B472032}.Debug|Any CPU.Build.0 = Debug|Any CPU
		{DB727A4E-5ECD-4C23-8D71-A45F7B472032}.Debug|x64.ActiveCfg = Debug|Any CPU
		{DB727A4E-5ECD-4C23-8D71-A45F7B472032}.Debug|x64.Build.0 = Debug|Any CPU
		{DB727A4E-5ECD-4C23-8D71-A45F7B472032}.Debug|x86.ActiveCfg = Debug|Any CPU
		{DB727A4E-5ECD-4C23-8D71-A45F7B472032}.Debug|x86.Build.0 = Debug|Any CPU
		{DB727A4E-5ECD-4C23-8D71-A45F7B472032}.Release|Any CPU.ActiveCfg = Release|Any CPU
		{DB727A4E-5ECD-4C23-8D71-A45F7B472032}.Release|Any CPU.Build.0 = Release|Any CPU
		{DB727A4E-5ECD-4C23-8D71-A45F7B472032}.Release|x64.ActiveCfg = Release|Any CPU
		{DB727A4E-5ECD-4C23-8D71-A45F7B472032}.Release|x64.Build.0 = Release|Any CPU
		{DB727A4E-5ECD-4C23-8D71-A45F7B472032}.Release|x86.ActiveCfg = Release|Any CPU
		{DB727A4E-5ECD-4C23-8D71-A45F7B472032}.Release|x86.Build.0 = Release|Any CPU
		{2C3A6F17-75BA-425C-8294-884AE63E8D0A}.Debug|Any CPU.ActiveCfg = Debug|Any CPU
		{2C3A6F17-75BA-425C-8294-884AE63E8D0A}.Debug|Any CPU.Build.0 = Debug|Any CPU
		{2C3A6F17-75BA-425C-8294-884AE63E8D0A}.Debug|x64.ActiveCfg = Debug|Any CPU
		{2C3A6F17-75BA-425C-8294-884AE63E8D0A}.Debug|x64.Build.0 = Debug|Any CPU
		{2C3A6F17-75BA-425C-8294-884AE63E8D0A}.Debug|x86.ActiveCfg = Debug|Any CPU
		{2C3A6F17-75BA-425C-8294-884AE63E8D0A}.Debug|x86.Build.0 = Debug|Any CPU
		{2C3A6F17-75BA-425C-8294-884AE63E8D0A}.Release|Any CPU.ActiveCfg = Release|Any CPU
		{2C3A6F17-75BA-425C-8294-884AE63E8D0A}.Release|Any CPU.Build.0 = Release|Any CPU
		{2C3A6F17-75BA-425C-8294-884AE63E8D0A}.Release|x64.ActiveCfg = Release|Any CPU
		{2C3A6F17-75BA-425C-8294-884AE63E8D0A}.Release|x64.Build.0 = Release|Any CPU
		{2C3A6F17-75BA-425C-8294-884AE63E8D0A}.Release|x86.ActiveCfg = Release|Any CPU
		{2C3A6F17-75BA-425C-8294-884AE63E8D0A}.Release|x86.Build.0 = Release|Any CPU
		{EC1EF814-CADF-435C-BC06-E740FF1BFA49}.Debug|Any CPU.ActiveCfg = Debug|Any CPU
		{EC1EF814-CADF-435C-BC06-E740FF1BFA49}.Debug|Any CPU.Build.0 = Debug|Any CPU
		{EC1EF814-CADF-435C-BC06-E740FF1BFA49}.Debug|x64.ActiveCfg = Debug|Any CPU
		{EC1EF814-CADF-435C-BC06-E740FF1BFA49}.Debug|x64.Build.0 = Debug|Any CPU
		{EC1EF814-CADF-435C-BC06-E740FF1BFA49}.Debug|x86.ActiveCfg = Debug|Any CPU
		{EC1EF814-CADF-435C-BC06-E740FF1BFA49}.Debug|x86.Build.0 = Debug|Any CPU
		{EC1EF814-CADF-435C-BC06-E740FF1BFA49}.Release|Any CPU.ActiveCfg = Release|Any CPU
		{EC1EF814-CADF-435C-BC06-E740FF1BFA49}.Release|Any CPU.Build.0 = Release|Any CPU
		{EC1EF814-CADF-435C-BC06-E740FF1BFA49}.Release|x64.ActiveCfg = Release|Any CPU
		{EC1EF814-CADF-435C-BC06-E740FF1BFA49}.Release|x64.Build.0 = Release|Any CPU
		{EC1EF814-CADF-435C-BC06-E740FF1BFA49}.Release|x86.ActiveCfg = Release|Any CPU
		{EC1EF814-CADF-435C-BC06-E740FF1BFA49}.Release|x86.Build.0 = Release|Any CPU
	EndGlobalSection
	GlobalSection(SolutionProperties) = preSolution
		HideSolutionNode = FALSE
	EndGlobalSection
	GlobalSection(ExtensibilityGlobals) = postSolution
		SolutionGuid = {053AB7D1-83C5-4BE6-999C-A4131F0934E3}
	EndGlobalSection
EndGlobal
